// !$*UTF8*$!
{
	archiveVersion = 1;
	classes = {
	};
	objectVersion = 46;
	objects = {

/* Begin PBXBuildFile section */
		56794F4345B561BA89892950 /* libPods.a in Frameworks */ = {isa = PBXBuildFile; fileRef = 4B8B6ED104721273B48C5C5C /* libPods.a */; };
		6E090FE61B86A37B00260BDC /* main.m in Sources */ = {isa = PBXBuildFile; fileRef = 6E090FE51B86A37B00260BDC /* main.m */; };
		6E090FE91B86A37B00260BDC /* AppDelegate.m in Sources */ = {isa = PBXBuildFile; fileRef = 6E090FE81B86A37B00260BDC /* AppDelegate.m */; };
		6E090FF11B86A37B00260BDC /* Images.xcassets in Resources */ = {isa = PBXBuildFile; fileRef = 6E090FF01B86A37B00260BDC /* Images.xcassets */; };
		6E0910001B86A37B00260BDC /* kuaibovTests.m in Sources */ = {isa = PBXBuildFile; fileRef = 6E090FFF1B86A37B00260BDC /* kuaibovTests.m */; };
		BCE9B63D1B98551200D70B9E /* kbBaseController.m in Sources */ = {isa = PBXBuildFile; fileRef = BCE9B63B1B98551200D70B9E /* kbBaseController.m */; };
		BCE9B64A1B98552A00D70B9E /* NSString+FilterHTML.m in Sources */ = {isa = PBXBuildFile; fileRef = BCE9B63F1B98552A00D70B9E /* NSString+FilterHTML.m */; };
		BCE9B64B1B98552A00D70B9E /* NSString+length.m in Sources */ = {isa = PBXBuildFile; fileRef = BCE9B6411B98552A00D70B9E /* NSString+length.m */; };
		BCE9B64C1B98552A00D70B9E /* NSString+md5.m in Sources */ = {isa = PBXBuildFile; fileRef = BCE9B6431B98552A00D70B9E /* NSString+md5.m */; };
		BCE9B64D1B98552A00D70B9E /* NSString+meltutils.m in Sources */ = {isa = PBXBuildFile; fileRef = BCE9B6451B98552A00D70B9E /* NSString+meltutils.m */; };
		BCE9B64E1B98552A00D70B9E /* UIView+StringTag.m in Sources */ = {isa = PBXBuildFile; fileRef = BCE9B6471B98552A00D70B9E /* UIView+StringTag.m */; };
		BCE9B64F1B98552A00D70B9E /* UIViewExt.m in Sources */ = {isa = PBXBuildFile; fileRef = BCE9B6491B98552A00D70B9E /* UIViewExt.m */; };
		BCE9B6521B98559D00D70B9E /* kbMoreViewController.m in Sources */ = {isa = PBXBuildFile; fileRef = BCE9B6511B98559D00D70B9E /* kbMoreViewController.m */; };
		BCE9B6551B9855DF00D70B9E /* KbChannelViewController.m in Sources */ = {isa = PBXBuildFile; fileRef = BCE9B6531B9855DF00D70B9E /* KbChannelViewController.m */; };
		BCE9B6581B9855F900D70B9E /* KbHomeViewController.m in Sources */ = {isa = PBXBuildFile; fileRef = BCE9B6571B9855F900D70B9E /* KbHomeViewController.m */; };
		BCFA19D31B9ACE1000B3EE05 /* KbHomeProgramModel.m in Sources */ = {isa = PBXBuildFile; fileRef = BCFA19D21B9ACE1000B3EE05 /* KbHomeProgramModel.m */; };
		BCFA1CB01B98A5A3007E6904 /* KbProgramViewController.m in Sources */ = {isa = PBXBuildFile; fileRef = BCFA1CAF1B98A5A3007E6904 /* KbProgramViewController.m */; };
		BCFA1CB31B98AD19007E6904 /* KbBannerData.m in Sources */ = {isa = PBXBuildFile; fileRef = BCFA1CB21B98AD19007E6904 /* KbBannerData.m */; };
		BCFA1CB71B98B6F2007E6904 /* KbBannerView.m in Sources */ = {isa = PBXBuildFile; fileRef = BCFA1CB61B98B6F2007E6904 /* KbBannerView.m */; };
		BCFA30201B99DFB900428387 /* UIColor+hexColor.m in Sources */ = {isa = PBXBuildFile; fileRef = BCFA301F1B99DFB900428387 /* UIColor+hexColor.m */; };
		BCFC94CB1B9B07E7009799CD /* UIView+border.m in Sources */ = {isa = PBXBuildFile; fileRef = BCFC94CA1B9B07E7009799CD /* UIView+border.m */; };
		BCFF05141B9861C50074BAE2 /* KbURLRequest.m in Sources */ = {isa = PBXBuildFile; fileRef = BCFF05131B9861C50074BAE2 /* KbURLRequest.m */; };
		BCFF051E1B9869B30074BAE2 /* RACEXTRuntimeExtensions.m in Sources */ = {isa = PBXBuildFile; fileRef = BCFF051B1B9869B30074BAE2 /* RACEXTRuntimeExtensions.m */; };
		BCFF05211B986AE40074BAE2 /* KbConfig.m in Sources */ = {isa = PBXBuildFile; fileRef = BCFF05201B986AE40074BAE2 /* KbConfig.m */; };
		BCFF05231B986B4D0074BAE2 /* config.plist in Resources */ = {isa = PBXBuildFile; fileRef = BCFF05221B986B4D0074BAE2 /* config.plist */; };
		BCFF05271B986F690074BAE2 /* KbHomeBannerModel.m in Sources */ = {isa = PBXBuildFile; fileRef = BCFF05261B986F690074BAE2 /* KbHomeBannerModel.m */; };
		BCFF052E1B9870790074BAE2 /* KbChannelModel.m in Sources */ = {isa = PBXBuildFile; fileRef = BCFF052D1B9870790074BAE2 /* KbChannelModel.m */; };
		BCFF05341B9871830074BAE2 /* KbChannel.m in Sources */ = {isa = PBXBuildFile; fileRef = BCFF05331B9871830074BAE2 /* KbChannel.m */; };
		BCFF05371B9872050074BAE2 /* KbURLResponse.m in Sources */ = {isa = PBXBuildFile; fileRef = BCFF05361B9872050074BAE2 /* KbURLResponse.m */; };
		BCFF93521B9B4CCC00B2EDF9 /* KbHomeSectionHeaderView.m in Sources */ = {isa = PBXBuildFile; fileRef = BCFF93511B9B4CCC00B2EDF9 /* KbHomeSectionHeaderView.m */; };
		BCFF93551B9B573200B2EDF9 /* KbHomeCollectionViewLayout.m in Sources */ = {isa = PBXBuildFile; fileRef = BCFF93541B9B573200B2EDF9 /* KbHomeCollectionViewLayout.m */; };
		BCFF935B1B9B7DB400B2EDF9 /* KbVideo.m in Sources */ = {isa = PBXBuildFile; fileRef = BCFF935A1B9B7DB400B2EDF9 /* KbVideo.m */; };
		BCFF935F1B9B7FBB00B2EDF9 /* KbVideoPlayViewController.m in Sources */ = {isa = PBXBuildFile; fileRef = BCFF935E1B9B7FBB00B2EDF9 /* KbVideoPlayViewController.m */; };
		BCFF93641B9B942100B2EDF9 /* KbChannelProgramModel.m in Sources */ = {isa = PBXBuildFile; fileRef = BCFF93631B9B942100B2EDF9 /* KbChannelProgramModel.m */; };
		BCFF93671B9B967A00B2EDF9 /* KbChannelProgram.m in Sources */ = {isa = PBXBuildFile; fileRef = BCFF93661B9B967A00B2EDF9 /* KbChannelProgram.m */; };
		BCFF936A1B9B977800B2EDF9 /* KbProgram.m in Sources */ = {isa = PBXBuildFile; fileRef = BCFF93691B9B977800B2EDF9 /* KbProgram.m */; };
		BCFF936E1B9B9CFC00B2EDF9 /* KbChannelProgramCell.m in Sources */ = {isa = PBXBuildFile; fileRef = BCFF936D1B9B9CFC00B2EDF9 /* KbChannelProgramCell.m */; };
/* End PBXBuildFile section */

/* Begin PBXContainerItemProxy section */
		6E090FFA1B86A37B00260BDC /* PBXContainerItemProxy */ = {
			isa = PBXContainerItemProxy;
			containerPortal = 6E090FD81B86A37B00260BDC /* Project object */;
			proxyType = 1;
			remoteGlobalIDString = 6E090FDF1B86A37B00260BDC;
			remoteInfo = kuaibov;
		};
/* End PBXContainerItemProxy section */

/* Begin PBXFileReference section */
		4B8B6ED104721273B48C5C5C /* libPods.a */ = {isa = PBXFileReference; explicitFileType = archive.ar; includeInIndex = 0; path = libPods.a; sourceTree = BUILT_PRODUCTS_DIR; };
		6E090FE01B86A37B00260BDC /* kuaibov.app */ = {isa = PBXFileReference; explicitFileType = wrapper.application; includeInIndex = 0; path = kuaibov.app; sourceTree = BUILT_PRODUCTS_DIR; };
		6E090FE41B86A37B00260BDC /* Info.plist */ = {isa = PBXFileReference; lastKnownFileType = text.plist.xml; path = Info.plist; sourceTree = "<group>"; };
		6E090FE51B86A37B00260BDC /* main.m */ = {isa = PBXFileReference; lastKnownFileType = sourcecode.c.objc; path = main.m; sourceTree = "<group>"; };
		6E090FE71B86A37B00260BDC /* AppDelegate.h */ = {isa = PBXFileReference; lastKnownFileType = sourcecode.c.h; path = AppDelegate.h; sourceTree = "<group>"; };
		6E090FE81B86A37B00260BDC /* AppDelegate.m */ = {isa = PBXFileReference; lastKnownFileType = sourcecode.c.objc; path = AppDelegate.m; sourceTree = "<group>"; };
		6E090FF01B86A37B00260BDC /* Images.xcassets */ = {isa = PBXFileReference; lastKnownFileType = folder.assetcatalog; path = Images.xcassets; sourceTree = "<group>"; };
		6E090FF91B86A37B00260BDC /* kuaibovTests.xctest */ = {isa = PBXFileReference; explicitFileType = wrapper.cfbundle; includeInIndex = 0; path = kuaibovTests.xctest; sourceTree = BUILT_PRODUCTS_DIR; };
		6E090FFE1B86A37B00260BDC /* Info.plist */ = {isa = PBXFileReference; lastKnownFileType = text.plist.xml; path = Info.plist; sourceTree = "<group>"; };
		6E090FFF1B86A37B00260BDC /* kuaibovTests.m */ = {isa = PBXFileReference; lastKnownFileType = sourcecode.c.objc; path = kuaibovTests.m; sourceTree = "<group>"; };
		6E2B8AE71B95FA3C00053761 /* Constants.h */ = {isa = PBXFileReference; lastKnownFileType = sourcecode.c.h; path = Constants.h; sourceTree = "<group>"; };
		6E2B8AE81B95FA7600053761 /* kb.pch */ = {isa = PBXFileReference; fileEncoding = 4; lastKnownFileType = sourcecode.c.h; path = kb.pch; sourceTree = "<group>"; };
		A829465AEB8D6C3264B4F256 /* Pods.debug.xcconfig */ = {isa = PBXFileReference; includeInIndex = 1; lastKnownFileType = text.xcconfig; name = Pods.debug.xcconfig; path = "Pods/Target Support Files/Pods/Pods.debug.xcconfig"; sourceTree = "<group>"; };
		BCE9B63B1B98551200D70B9E /* kbBaseController.m */ = {isa = PBXFileReference; fileEncoding = 4; lastKnownFileType = sourcecode.c.objc; path = kbBaseController.m; sourceTree = "<group>"; };
		BCE9B63C1B98551200D70B9E /* kbBaseController.h */ = {isa = PBXFileReference; fileEncoding = 4; lastKnownFileType = sourcecode.c.h; path = kbBaseController.h; sourceTree = "<group>"; };
		BCE9B63E1B98552A00D70B9E /* NSString+FilterHTML.h */ = {isa = PBXFileReference; fileEncoding = 4; lastKnownFileType = sourcecode.c.h; path = "NSString+FilterHTML.h"; sourceTree = "<group>"; };
		BCE9B63F1B98552A00D70B9E /* NSString+FilterHTML.m */ = {isa = PBXFileReference; fileEncoding = 4; lastKnownFileType = sourcecode.c.objc; path = "NSString+FilterHTML.m"; sourceTree = "<group>"; };
		BCE9B6401B98552A00D70B9E /* NSString+length.h */ = {isa = PBXFileReference; fileEncoding = 4; lastKnownFileType = sourcecode.c.h; path = "NSString+length.h"; sourceTree = "<group>"; };
		BCE9B6411B98552A00D70B9E /* NSString+length.m */ = {isa = PBXFileReference; fileEncoding = 4; lastKnownFileType = sourcecode.c.objc; path = "NSString+length.m"; sourceTree = "<group>"; };
		BCE9B6421B98552A00D70B9E /* NSString+md5.h */ = {isa = PBXFileReference; fileEncoding = 4; lastKnownFileType = sourcecode.c.h; path = "NSString+md5.h"; sourceTree = "<group>"; };
		BCE9B6431B98552A00D70B9E /* NSString+md5.m */ = {isa = PBXFileReference; fileEncoding = 4; lastKnownFileType = sourcecode.c.objc; path = "NSString+md5.m"; sourceTree = "<group>"; };
		BCE9B6441B98552A00D70B9E /* NSString+meltutils.h */ = {isa = PBXFileReference; fileEncoding = 4; lastKnownFileType = sourcecode.c.h; path = "NSString+meltutils.h"; sourceTree = "<group>"; };
		BCE9B6451B98552A00D70B9E /* NSString+meltutils.m */ = {isa = PBXFileReference; fileEncoding = 4; lastKnownFileType = sourcecode.c.objc; path = "NSString+meltutils.m"; sourceTree = "<group>"; };
		BCE9B6461B98552A00D70B9E /* UIView+StringTag.h */ = {isa = PBXFileReference; fileEncoding = 4; lastKnownFileType = sourcecode.c.h; path = "UIView+StringTag.h"; sourceTree = "<group>"; };
		BCE9B6471B98552A00D70B9E /* UIView+StringTag.m */ = {isa = PBXFileReference; fileEncoding = 4; lastKnownFileType = sourcecode.c.objc; path = "UIView+StringTag.m"; sourceTree = "<group>"; };
		BCE9B6481B98552A00D70B9E /* UIViewExt.h */ = {isa = PBXFileReference; fileEncoding = 4; lastKnownFileType = sourcecode.c.h; path = UIViewExt.h; sourceTree = "<group>"; };
		BCE9B6491B98552A00D70B9E /* UIViewExt.m */ = {isa = PBXFileReference; fileEncoding = 4; lastKnownFileType = sourcecode.c.objc; path = UIViewExt.m; sourceTree = "<group>"; };
		BCE9B6501B98559D00D70B9E /* kbMoreViewController.h */ = {isa = PBXFileReference; fileEncoding = 4; lastKnownFileType = sourcecode.c.h; path = kbMoreViewController.h; sourceTree = "<group>"; };
		BCE9B6511B98559D00D70B9E /* kbMoreViewController.m */ = {isa = PBXFileReference; fileEncoding = 4; lastKnownFileType = sourcecode.c.objc; path = kbMoreViewController.m; sourceTree = "<group>"; };
		BCE9B6531B9855DF00D70B9E /* KbChannelViewController.m */ = {isa = PBXFileReference; fileEncoding = 4; lastKnownFileType = sourcecode.c.objc; path = KbChannelViewController.m; sourceTree = "<group>"; };
		BCE9B6541B9855DF00D70B9E /* KbChannelViewController.h */ = {isa = PBXFileReference; fileEncoding = 4; lastKnownFileType = sourcecode.c.h; path = KbChannelViewController.h; sourceTree = "<group>"; };
		BCE9B6561B9855F900D70B9E /* KbHomeViewController.h */ = {isa = PBXFileReference; fileEncoding = 4; lastKnownFileType = sourcecode.c.h; path = KbHomeViewController.h; sourceTree = "<group>"; };
		BCE9B6571B9855F900D70B9E /* KbHomeViewController.m */ = {isa = PBXFileReference; fileEncoding = 4; lastKnownFileType = sourcecode.c.objc; path = KbHomeViewController.m; sourceTree = "<group>"; };
		BCFA19D11B9ACE1000B3EE05 /* KbHomeProgramModel.h */ = {isa = PBXFileReference; fileEncoding = 4; lastKnownFileType = sourcecode.c.h; path = KbHomeProgramModel.h; sourceTree = "<group>"; };
		BCFA19D21B9ACE1000B3EE05 /* KbHomeProgramModel.m */ = {isa = PBXFileReference; fileEncoding = 4; lastKnownFileType = sourcecode.c.objc; path = KbHomeProgramModel.m; sourceTree = "<group>"; };
		BCFA1CAE1B98A5A3007E6904 /* KbProgramViewController.h */ = {isa = PBXFileReference; fileEncoding = 4; lastKnownFileType = sourcecode.c.h; path = KbProgramViewController.h; sourceTree = "<group>"; };
		BCFA1CAF1B98A5A3007E6904 /* KbProgramViewController.m */ = {isa = PBXFileReference; fileEncoding = 4; lastKnownFileType = sourcecode.c.objc; path = KbProgramViewController.m; sourceTree = "<group>"; };
		BCFA1CB11B98AD19007E6904 /* KbBannerData.h */ = {isa = PBXFileReference; fileEncoding = 4; lastKnownFileType = sourcecode.c.h; path = KbBannerData.h; sourceTree = "<group>"; };
		BCFA1CB21B98AD19007E6904 /* KbBannerData.m */ = {isa = PBXFileReference; fileEncoding = 4; lastKnownFileType = sourcecode.c.objc; path = KbBannerData.m; sourceTree = "<group>"; };
		BCFA1CB51B98B6F2007E6904 /* KbBannerView.h */ = {isa = PBXFileReference; fileEncoding = 4; lastKnownFileType = sourcecode.c.h; path = KbBannerView.h; sourceTree = "<group>"; };
		BCFA1CB61B98B6F2007E6904 /* KbBannerView.m */ = {isa = PBXFileReference; fileEncoding = 4; lastKnownFileType = sourcecode.c.objc; path = KbBannerView.m; sourceTree = "<group>"; };
		BCFA301E1B99DFB900428387 /* UIColor+hexColor.h */ = {isa = PBXFileReference; fileEncoding = 4; lastKnownFileType = sourcecode.c.h; path = "UIColor+hexColor.h"; sourceTree = "<group>"; };
		BCFA301F1B99DFB900428387 /* UIColor+hexColor.m */ = {isa = PBXFileReference; fileEncoding = 4; lastKnownFileType = sourcecode.c.objc; path = "UIColor+hexColor.m"; sourceTree = "<group>"; };
		BCFC94C91B9B07E7009799CD /* UIView+border.h */ = {isa = PBXFileReference; fileEncoding = 4; lastKnownFileType = sourcecode.c.h; path = "UIView+border.h"; sourceTree = "<group>"; };
		BCFC94CA1B9B07E7009799CD /* UIView+border.m */ = {isa = PBXFileReference; fileEncoding = 4; lastKnownFileType = sourcecode.c.objc; path = "UIView+border.m"; sourceTree = "<group>"; };
		BCFF05121B9861C50074BAE2 /* KbURLRequest.h */ = {isa = PBXFileReference; fileEncoding = 4; lastKnownFileType = sourcecode.c.h; path = KbURLRequest.h; sourceTree = "<group>"; };
		BCFF05131B9861C50074BAE2 /* KbURLRequest.m */ = {isa = PBXFileReference; fileEncoding = 4; lastKnownFileType = sourcecode.c.objc; path = KbURLRequest.m; sourceTree = "<group>"; };
		BCFF05191B9869B30074BAE2 /* RACEXTKeyPathCoding.h */ = {isa = PBXFileReference; fileEncoding = 4; lastKnownFileType = sourcecode.c.h; path = RACEXTKeyPathCoding.h; sourceTree = "<group>"; };
		BCFF051A1B9869B30074BAE2 /* RACEXTRuntimeExtensions.h */ = {isa = PBXFileReference; fileEncoding = 4; lastKnownFileType = sourcecode.c.h; path = RACEXTRuntimeExtensions.h; sourceTree = "<group>"; };
		BCFF051B1B9869B30074BAE2 /* RACEXTRuntimeExtensions.m */ = {isa = PBXFileReference; fileEncoding = 4; lastKnownFileType = sourcecode.c.objc; path = RACEXTRuntimeExtensions.m; sourceTree = "<group>"; };
		BCFF051C1B9869B30074BAE2 /* RACEXTScope.h */ = {isa = PBXFileReference; fileEncoding = 4; lastKnownFileType = sourcecode.c.h; path = RACEXTScope.h; sourceTree = "<group>"; };
		BCFF051D1B9869B30074BAE2 /* RACmetamacros.h */ = {isa = PBXFileReference; fileEncoding = 4; lastKnownFileType = sourcecode.c.h; path = RACmetamacros.h; sourceTree = "<group>"; };
		BCFF051F1B986AE40074BAE2 /* KbConfig.h */ = {isa = PBXFileReference; fileEncoding = 4; lastKnownFileType = sourcecode.c.h; path = KbConfig.h; sourceTree = "<group>"; };
		BCFF05201B986AE40074BAE2 /* KbConfig.m */ = {isa = PBXFileReference; fileEncoding = 4; lastKnownFileType = sourcecode.c.objc; path = KbConfig.m; sourceTree = "<group>"; };
		BCFF05221B986B4D0074BAE2 /* config.plist */ = {isa = PBXFileReference; fileEncoding = 4; lastKnownFileType = text.plist.xml; path = config.plist; sourceTree = "<group>"; };
		BCFF05251B986F690074BAE2 /* KbHomeBannerModel.h */ = {isa = PBXFileReference; fileEncoding = 4; lastKnownFileType = sourcecode.c.h; path = KbHomeBannerModel.h; sourceTree = "<group>"; };
		BCFF05261B986F690074BAE2 /* KbHomeBannerModel.m */ = {isa = PBXFileReference; fileEncoding = 4; lastKnownFileType = sourcecode.c.objc; path = KbHomeBannerModel.m; sourceTree = "<group>"; };
		BCFF052C1B9870790074BAE2 /* KbChannelModel.h */ = {isa = PBXFileReference; fileEncoding = 4; lastKnownFileType = sourcecode.c.h; path = KbChannelModel.h; sourceTree = "<group>"; };
		BCFF052D1B9870790074BAE2 /* KbChannelModel.m */ = {isa = PBXFileReference; fileEncoding = 4; lastKnownFileType = sourcecode.c.objc; path = KbChannelModel.m; sourceTree = "<group>"; };
		BCFF05321B9871830074BAE2 /* KbChannel.h */ = {isa = PBXFileReference; fileEncoding = 4; lastKnownFileType = sourcecode.c.h; path = KbChannel.h; sourceTree = "<group>"; };
		BCFF05331B9871830074BAE2 /* KbChannel.m */ = {isa = PBXFileReference; fileEncoding = 4; lastKnownFileType = sourcecode.c.objc; path = KbChannel.m; sourceTree = "<group>"; };
		BCFF05351B9872050074BAE2 /* KbURLResponse.h */ = {isa = PBXFileReference; fileEncoding = 4; lastKnownFileType = sourcecode.c.h; path = KbURLResponse.h; sourceTree = "<group>"; };
		BCFF05361B9872050074BAE2 /* KbURLResponse.m */ = {isa = PBXFileReference; fileEncoding = 4; lastKnownFileType = sourcecode.c.objc; path = KbURLResponse.m; sourceTree = "<group>"; };
		BCFF93501B9B4CCC00B2EDF9 /* KbHomeSectionHeaderView.h */ = {isa = PBXFileReference; fileEncoding = 4; lastKnownFileType = sourcecode.c.h; path = KbHomeSectionHeaderView.h; sourceTree = "<group>"; };
		BCFF93511B9B4CCC00B2EDF9 /* KbHomeSectionHeaderView.m */ = {isa = PBXFileReference; fileEncoding = 4; lastKnownFileType = sourcecode.c.objc; path = KbHomeSectionHeaderView.m; sourceTree = "<group>"; };
		BCFF93531B9B573200B2EDF9 /* KbHomeCollectionViewLayout.h */ = {isa = PBXFileReference; fileEncoding = 4; lastKnownFileType = sourcecode.c.h; path = KbHomeCollectionViewLayout.h; sourceTree = "<group>"; };
		BCFF93541B9B573200B2EDF9 /* KbHomeCollectionViewLayout.m */ = {isa = PBXFileReference; fileEncoding = 4; lastKnownFileType = sourcecode.c.objc; path = KbHomeCollectionViewLayout.m; sourceTree = "<group>"; };
		BCFF93591B9B7DB400B2EDF9 /* KbVideo.h */ = {isa = PBXFileReference; fileEncoding = 4; lastKnownFileType = sourcecode.c.h; path = KbVideo.h; sourceTree = "<group>"; };
		BCFF935A1B9B7DB400B2EDF9 /* KbVideo.m */ = {isa = PBXFileReference; fileEncoding = 4; lastKnownFileType = sourcecode.c.objc; path = KbVideo.m; sourceTree = "<group>"; };
		BCFF935D1B9B7FBB00B2EDF9 /* KbVideoPlayViewController.h */ = {isa = PBXFileReference; fileEncoding = 4; lastKnownFileType = sourcecode.c.h; path = KbVideoPlayViewController.h; sourceTree = "<group>"; };
		BCFF935E1B9B7FBB00B2EDF9 /* KbVideoPlayViewController.m */ = {isa = PBXFileReference; fileEncoding = 4; lastKnownFileType = sourcecode.c.objc; path = KbVideoPlayViewController.m; sourceTree = "<group>"; };
		BCFF93601B9B82ED00B2EDF9 /* AVFoundation.framework */ = {isa = PBXFileReference; lastKnownFileType = wrapper.framework; name = AVFoundation.framework; path = System/Library/Frameworks/AVFoundation.framework; sourceTree = SDKROOT; };
		BCFF93621B9B942100B2EDF9 /* KbChannelProgramModel.h */ = {isa = PBXFileReference; fileEncoding = 4; lastKnownFileType = sourcecode.c.h; path = KbChannelProgramModel.h; sourceTree = "<group>"; };
		BCFF93631B9B942100B2EDF9 /* KbChannelProgramModel.m */ = {isa = PBXFileReference; fileEncoding = 4; lastKnownFileType = sourcecode.c.objc; path = KbChannelProgramModel.m; sourceTree = "<group>"; };
		BCFF93651B9B967A00B2EDF9 /* KbChannelProgram.h */ = {isa = PBXFileReference; fileEncoding = 4; lastKnownFileType = sourcecode.c.h; path = KbChannelProgram.h; sourceTree = "<group>"; };
		BCFF93661B9B967A00B2EDF9 /* KbChannelProgram.m */ = {isa = PBXFileReference; fileEncoding = 4; lastKnownFileType = sourcecode.c.objc; path = KbChannelProgram.m; sourceTree = "<group>"; };
		BCFF93681B9B977800B2EDF9 /* KbProgram.h */ = {isa = PBXFileReference; fileEncoding = 4; lastKnownFileType = sourcecode.c.h; path = KbProgram.h; sourceTree = "<group>"; };
		BCFF93691B9B977800B2EDF9 /* KbProgram.m */ = {isa = PBXFileReference; fileEncoding = 4; lastKnownFileType = sourcecode.c.objc; path = KbProgram.m; sourceTree = "<group>"; };
		BCFF936C1B9B9CFC00B2EDF9 /* KbChannelProgramCell.h */ = {isa = PBXFileReference; fileEncoding = 4; lastKnownFileType = sourcecode.c.h; path = KbChannelProgramCell.h; sourceTree = "<group>"; };
		BCFF936D1B9B9CFC00B2EDF9 /* KbChannelProgramCell.m */ = {isa = PBXFileReference; fileEncoding = 4; lastKnownFileType = sourcecode.c.objc; path = KbChannelProgramCell.m; sourceTree = "<group>"; };
		CEB2734AF03850849D8DF430 /* Pods.release.xcconfig */ = {isa = PBXFileReference; includeInIndex = 1; lastKnownFileType = text.xcconfig; name = Pods.release.xcconfig; path = "Pods/Target Support Files/Pods/Pods.release.xcconfig"; sourceTree = "<group>"; };
/* End PBXFileReference section */

/* Begin PBXFrameworksBuildPhase section */
		6E090FDD1B86A37B00260BDC /* Frameworks */ = {
			isa = PBXFrameworksBuildPhase;
			buildActionMask = 2147483647;
			files = (
				56794F4345B561BA89892950 /* libPods.a in Frameworks */,
			);
			runOnlyForDeploymentPostprocessing = 0;
		};
		6E090FF61B86A37B00260BDC /* Frameworks */ = {
			isa = PBXFrameworksBuildPhase;
			buildActionMask = 2147483647;
			files = (
			);
			runOnlyForDeploymentPostprocessing = 0;
		};
/* End PBXFrameworksBuildPhase section */

/* Begin PBXGroup section */
		6E090FD71B86A37B00260BDC = {
			isa = PBXGroup;
			children = (
				6E090FE21B86A37B00260BDC /* kuaibov */,
				6E090FFC1B86A37B00260BDC /* kuaibovTests */,
				6E090FE11B86A37B00260BDC /* Products */,
				DC2BFF3E1892DDF7AF0CA3B0 /* Pods */,
				9C36E5AF707F393D00B248C2 /* Frameworks */,
			);
			sourceTree = "<group>";
		};
		6E090FE11B86A37B00260BDC /* Products */ = {
			isa = PBXGroup;
			children = (
				6E090FE01B86A37B00260BDC /* kuaibov.app */,
				6E090FF91B86A37B00260BDC /* kuaibovTests.xctest */,
			);
			name = Products;
			sourceTree = "<group>";
		};
		6E090FE21B86A37B00260BDC /* kuaibov */ = {
			isa = PBXGroup;
			children = (
				6E090FE71B86A37B00260BDC /* AppDelegate.h */,
				6E090FE81B86A37B00260BDC /* AppDelegate.m */,
				6E090FF01B86A37B00260BDC /* Images.xcassets */,
				6E090FE31B86A37B00260BDC /* Supporting Files */,
				6E2B8AD21B95F92600053761 /* Class */,
			);
			path = kuaibov;
			sourceTree = "<group>";
		};
		6E090FE31B86A37B00260BDC /* Supporting Files */ = {
			isa = PBXGroup;
			children = (
				6E090FE41B86A37B00260BDC /* Info.plist */,
				BCFF05221B986B4D0074BAE2 /* config.plist */,
				6E090FE51B86A37B00260BDC /* main.m */,
				6E2B8AE71B95FA3C00053761 /* Constants.h */,
				6E2B8AE81B95FA7600053761 /* kb.pch */,
			);
			name = "Supporting Files";
			sourceTree = "<group>";
		};
		6E090FFC1B86A37B00260BDC /* kuaibovTests */ = {
			isa = PBXGroup;
			children = (
				6E090FFF1B86A37B00260BDC /* kuaibovTests.m */,
				6E090FFD1B86A37B00260BDC /* Supporting Files */,
			);
			path = kuaibovTests;
			sourceTree = "<group>";
		};
		6E090FFD1B86A37B00260BDC /* Supporting Files */ = {
			isa = PBXGroup;
			children = (
				6E090FFE1B86A37B00260BDC /* Info.plist */,
			);
			name = "Supporting Files";
			sourceTree = "<group>";
		};
		6E2B8AD21B95F92600053761 /* Class */ = {
			isa = PBXGroup;
			children = (
				6E2B8AEB1B95FD5600053761 /* Utils */,
				6E2B8AD71B95F96C00053761 /* Base */,
				6E2B8AD51B95F94400053761 /* More */,
				6E2B8AD41B95F93200053761 /* Channel */,
				6E2B8AD31B95F92C00053761 /* Home */,
			);
			path = Class;
			sourceTree = "<group>";
		};
		6E2B8AD31B95F92C00053761 /* Home */ = {
			isa = PBXGroup;
			children = (
				BCFA1CB41B98B6CE007E6904 /* View */,
				6E2B8AD61B95F94D00053761 /* Controller */,
				BCFF05241B986EF30074BAE2 /* Model */,
			);
			path = Home;
			sourceTree = "<group>";
		};
		6E2B8AD41B95F93200053761 /* Channel */ = {
			isa = PBXGroup;
			children = (
				BCFF936B1B9B9CCA00B2EDF9 /* View */,
				6E2B8ADF1B95F9AE00053761 /* Controller */,
				BCFF052B1B986FF40074BAE2 /* Model */,
			);
			path = Channel;
			sourceTree = "<group>";
		};
		6E2B8AD51B95F94400053761 /* More */ = {
			isa = PBXGroup;
			children = (
				6E2B8AE31B95F9C300053761 /* Controller */,
			);
			path = More;
			sourceTree = "<group>";
		};
		6E2B8AD61B95F94D00053761 /* Controller */ = {
			isa = PBXGroup;
			children = (
				BCE9B6561B9855F900D70B9E /* KbHomeViewController.h */,
				BCE9B6571B9855F900D70B9E /* KbHomeViewController.m */,
			);
			path = Controller;
			sourceTree = "<group>";
		};
		6E2B8AD71B95F96C00053761 /* Base */ = {
			isa = PBXGroup;
			children = (
				6E2B8AD81B95F97000053761 /* Controller */,
				BCFF05111B98616A0074BAE2 /* Model */,
			);
			path = Base;
			sourceTree = "<group>";
		};
		6E2B8AD81B95F97000053761 /* Controller */ = {
			isa = PBXGroup;
			children = (
				BCE9B63C1B98551200D70B9E /* kbBaseController.h */,
				BCE9B63B1B98551200D70B9E /* kbBaseController.m */,
				BCFF935D1B9B7FBB00B2EDF9 /* KbVideoPlayViewController.h */,
				BCFF935E1B9B7FBB00B2EDF9 /* KbVideoPlayViewController.m */,
			);
			path = Controller;
			sourceTree = "<group>";
		};
		6E2B8ADF1B95F9AE00053761 /* Controller */ = {
			isa = PBXGroup;
			children = (
				BCE9B6541B9855DF00D70B9E /* KbChannelViewController.h */,
				BCE9B6531B9855DF00D70B9E /* KbChannelViewController.m */,
				BCFA1CAE1B98A5A3007E6904 /* KbProgramViewController.h */,
				BCFA1CAF1B98A5A3007E6904 /* KbProgramViewController.m */,
			);
			path = Controller;
			sourceTree = "<group>";
		};
		6E2B8AE31B95F9C300053761 /* Controller */ = {
			isa = PBXGroup;
			children = (
				BCE9B6501B98559D00D70B9E /* kbMoreViewController.h */,
				BCE9B6511B98559D00D70B9E /* kbMoreViewController.m */,
			);
			path = Controller;
			sourceTree = "<group>";
		};
		6E2B8AEB1B95FD5600053761 /* Utils */ = {
			isa = PBXGroup;
			children = (
				BCFF05181B98699B0074BAE2 /* rac_extobjc */,
				BCFA301E1B99DFB900428387 /* UIColor+hexColor.h */,
				BCFA301F1B99DFB900428387 /* UIColor+hexColor.m */,
				BCE9B63E1B98552A00D70B9E /* NSString+FilterHTML.h */,
				BCE9B63F1B98552A00D70B9E /* NSString+FilterHTML.m */,
				BCE9B6401B98552A00D70B9E /* NSString+length.h */,
				BCE9B6411B98552A00D70B9E /* NSString+length.m */,
				BCE9B6421B98552A00D70B9E /* NSString+md5.h */,
				BCE9B6431B98552A00D70B9E /* NSString+md5.m */,
				BCE9B6441B98552A00D70B9E /* NSString+meltutils.h */,
				BCE9B6451B98552A00D70B9E /* NSString+meltutils.m */,
				BCE9B6461B98552A00D70B9E /* UIView+StringTag.h */,
				BCE9B6471B98552A00D70B9E /* UIView+StringTag.m */,
				BCE9B6481B98552A00D70B9E /* UIViewExt.h */,
				BCE9B6491B98552A00D70B9E /* UIViewExt.m */,
				BCFF051F1B986AE40074BAE2 /* KbConfig.h */,
				BCFF05201B986AE40074BAE2 /* KbConfig.m */,
				BCFC94C91B9B07E7009799CD /* UIView+border.h */,
				BCFC94CA1B9B07E7009799CD /* UIView+border.m */,
			);
			path = Utils;
			sourceTree = "<group>";
		};
		9C36E5AF707F393D00B248C2 /* Frameworks */ = {
			isa = PBXGroup;
			children = (
				BCFF93601B9B82ED00B2EDF9 /* AVFoundation.framework */,
				4B8B6ED104721273B48C5C5C /* libPods.a */,
			);
			name = Frameworks;
			sourceTree = "<group>";
		};
		BCFA1CB41B98B6CE007E6904 /* View */ = {
			isa = PBXGroup;
			children = (
				BCFA1CB51B98B6F2007E6904 /* KbBannerView.h */,
				BCFA1CB61B98B6F2007E6904 /* KbBannerView.m */,
				BCFF93501B9B4CCC00B2EDF9 /* KbHomeSectionHeaderView.h */,
				BCFF93511B9B4CCC00B2EDF9 /* KbHomeSectionHeaderView.m */,
				BCFF93531B9B573200B2EDF9 /* KbHomeCollectionViewLayout.h */,
				BCFF93541B9B573200B2EDF9 /* KbHomeCollectionViewLayout.m */,
			);
			path = View;
			sourceTree = "<group>";
		};
		BCFF05111B98616A0074BAE2 /* Model */ = {
			isa = PBXGroup;
			children = (
				BCFF05121B9861C50074BAE2 /* KbURLRequest.h */,
				BCFF05131B9861C50074BAE2 /* KbURLRequest.m */,
				BCFF05351B9872050074BAE2 /* KbURLResponse.h */,
				BCFF05361B9872050074BAE2 /* KbURLResponse.m */,
				BCFF93591B9B7DB400B2EDF9 /* KbVideo.h */,
				BCFF935A1B9B7DB400B2EDF9 /* KbVideo.m */,
				BCFF93681B9B977800B2EDF9 /* KbProgram.h */,
				BCFF93691B9B977800B2EDF9 /* KbProgram.m */,
			);
			path = Model;
			sourceTree = "<group>";
		};
		BCFF05181B98699B0074BAE2 /* rac_extobjc */ = {
			isa = PBXGroup;
			children = (
				BCFF05191B9869B30074BAE2 /* RACEXTKeyPathCoding.h */,
				BCFF051A1B9869B30074BAE2 /* RACEXTRuntimeExtensions.h */,
				BCFF051B1B9869B30074BAE2 /* RACEXTRuntimeExtensions.m */,
				BCFF051C1B9869B30074BAE2 /* RACEXTScope.h */,
				BCFF051D1B9869B30074BAE2 /* RACmetamacros.h */,
			);
			path = rac_extobjc;
			sourceTree = "<group>";
		};
		BCFF05241B986EF30074BAE2 /* Model */ = {
			isa = PBXGroup;
			children = (
				BCFA1CB11B98AD19007E6904 /* KbBannerData.h */,
				BCFA1CB21B98AD19007E6904 /* KbBannerData.m */,
				BCFF05251B986F690074BAE2 /* KbHomeBannerModel.h */,
				BCFF05261B986F690074BAE2 /* KbHomeBannerModel.m */,
				BCFA19D11B9ACE1000B3EE05 /* KbHomeProgramModel.h */,
				BCFA19D21B9ACE1000B3EE05 /* KbHomeProgramModel.m */,
			);
			path = Model;
			sourceTree = "<group>";
		};
		BCFF052B1B986FF40074BAE2 /* Model */ = {
			isa = PBXGroup;
			children = (
				BCFF05321B9871830074BAE2 /* KbChannel.h */,
				BCFF05331B9871830074BAE2 /* KbChannel.m */,
				BCFF052C1B9870790074BAE2 /* KbChannelModel.h */,
				BCFF052D1B9870790074BAE2 /* KbChannelModel.m */,
				BCFF93651B9B967A00B2EDF9 /* KbChannelProgram.h */,
				BCFF93661B9B967A00B2EDF9 /* KbChannelProgram.m */,
				BCFF93621B9B942100B2EDF9 /* KbChannelProgramModel.h */,
				BCFF93631B9B942100B2EDF9 /* KbChannelProgramModel.m */,
			);
			path = Model;
			sourceTree = "<group>";
		};
		BCFF936B1B9B9CCA00B2EDF9 /* View */ = {
			isa = PBXGroup;
			children = (
				BCFF936C1B9B9CFC00B2EDF9 /* KbChannelProgramCell.h */,
				BCFF936D1B9B9CFC00B2EDF9 /* KbChannelProgramCell.m */,
			);
			path = View;
			sourceTree = "<group>";
		};
		DC2BFF3E1892DDF7AF0CA3B0 /* Pods */ = {
			isa = PBXGroup;
			children = (
				A829465AEB8D6C3264B4F256 /* Pods.debug.xcconfig */,
				CEB2734AF03850849D8DF430 /* Pods.release.xcconfig */,
			);
			name = Pods;
			sourceTree = "<group>";
		};
/* End PBXGroup section */

/* Begin PBXNativeTarget section */
		6E090FDF1B86A37B00260BDC /* kuaibov */ = {
			isa = PBXNativeTarget;
			buildConfigurationList = 6E0910031B86A37B00260BDC /* Build configuration list for PBXNativeTarget "kuaibov" */;
			buildPhases = (
				77E18321CA70D15B4525693C /* Check Pods Manifest.lock */,
				6E090FDC1B86A37B00260BDC /* Sources */,
				6E090FDD1B86A37B00260BDC /* Frameworks */,
				6E090FDE1B86A37B00260BDC /* Resources */,
				373BC291E9C16C411F750F1C /* Copy Pods Resources */,
			);
			buildRules = (
			);
			dependencies = (
			);
			name = kuaibov;
			productName = kuaibov;
			productReference = 6E090FE01B86A37B00260BDC /* kuaibov.app */;
			productType = "com.apple.product-type.application";
		};
		6E090FF81B86A37B00260BDC /* kuaibovTests */ = {
			isa = PBXNativeTarget;
			buildConfigurationList = 6E0910061B86A37B00260BDC /* Build configuration list for PBXNativeTarget "kuaibovTests" */;
			buildPhases = (
				6E090FF51B86A37B00260BDC /* Sources */,
				6E090FF61B86A37B00260BDC /* Frameworks */,
				6E090FF71B86A37B00260BDC /* Resources */,
			);
			buildRules = (
			);
			dependencies = (
				6E090FFB1B86A37B00260BDC /* PBXTargetDependency */,
			);
			name = kuaibovTests;
			productName = kuaibovTests;
			productReference = 6E090FF91B86A37B00260BDC /* kuaibovTests.xctest */;
			productType = "com.apple.product-type.bundle.unit-test";
		};
/* End PBXNativeTarget section */

/* Begin PBXProject section */
		6E090FD81B86A37B00260BDC /* Project object */ = {
			isa = PBXProject;
			attributes = {
				LastUpgradeCheck = 0640;
				ORGANIZATIONNAME = kuaibov;
				TargetAttributes = {
					6E090FDF1B86A37B00260BDC = {
						CreatedOnToolsVersion = 6.4;
					};
					6E090FF81B86A37B00260BDC = {
						CreatedOnToolsVersion = 6.4;
						TestTargetID = 6E090FDF1B86A37B00260BDC;
					};
				};
			};
			buildConfigurationList = 6E090FDB1B86A37B00260BDC /* Build configuration list for PBXProject "kuaibov" */;
			compatibilityVersion = "Xcode 3.2";
			developmentRegion = English;
			hasScannedForEncodings = 0;
			knownRegions = (
				en,
				Base,
			);
			mainGroup = 6E090FD71B86A37B00260BDC;
			productRefGroup = 6E090FE11B86A37B00260BDC /* Products */;
			projectDirPath = "";
			projectRoot = "";
			targets = (
				6E090FDF1B86A37B00260BDC /* kuaibov */,
				6E090FF81B86A37B00260BDC /* kuaibovTests */,
			);
		};
/* End PBXProject section */

/* Begin PBXResourcesBuildPhase section */
		6E090FDE1B86A37B00260BDC /* Resources */ = {
			isa = PBXResourcesBuildPhase;
			buildActionMask = 2147483647;
			files = (
				BCFF05231B986B4D0074BAE2 /* config.plist in Resources */,
				6E090FF11B86A37B00260BDC /* Images.xcassets in Resources */,
			);
			runOnlyForDeploymentPostprocessing = 0;
		};
		6E090FF71B86A37B00260BDC /* Resources */ = {
			isa = PBXResourcesBuildPhase;
			buildActionMask = 2147483647;
			files = (
			);
			runOnlyForDeploymentPostprocessing = 0;
		};
/* End PBXResourcesBuildPhase section */

/* Begin PBXShellScriptBuildPhase section */
		373BC291E9C16C411F750F1C /* Copy Pods Resources */ = {
			isa = PBXShellScriptBuildPhase;
			buildActionMask = 2147483647;
			files = (
			);
			inputPaths = (
			);
			name = "Copy Pods Resources";
			outputPaths = (
			);
			runOnlyForDeploymentPostprocessing = 0;
			shellPath = /bin/sh;
			shellScript = "\"${SRCROOT}/Pods/Target Support Files/Pods/Pods-resources.sh\"\n";
			showEnvVarsInLog = 0;
		};
		77E18321CA70D15B4525693C /* Check Pods Manifest.lock */ = {
			isa = PBXShellScriptBuildPhase;
			buildActionMask = 2147483647;
			files = (
			);
			inputPaths = (
			);
			name = "Check Pods Manifest.lock";
			outputPaths = (
			);
			runOnlyForDeploymentPostprocessing = 0;
			shellPath = /bin/sh;
			shellScript = "diff \"${PODS_ROOT}/../Podfile.lock\" \"${PODS_ROOT}/Manifest.lock\" > /dev/null\nif [[ $? != 0 ]] ; then\n    cat << EOM\nerror: The sandbox is not in sync with the Podfile.lock. Run 'pod install' or update your CocoaPods installation.\nEOM\n    exit 1\nfi\n";
			showEnvVarsInLog = 0;
		};
/* End PBXShellScriptBuildPhase section */

/* Begin PBXSourcesBuildPhase section */
		6E090FDC1B86A37B00260BDC /* Sources */ = {
			isa = PBXSourcesBuildPhase;
			buildActionMask = 2147483647;
			files = (
				BCFF936A1B9B977800B2EDF9 /* KbProgram.m in Sources */,
				BCFA1CB01B98A5A3007E6904 /* KbProgramViewController.m in Sources */,
				BCFF93641B9B942100B2EDF9 /* KbChannelProgramModel.m in Sources */,
				BCFF05341B9871830074BAE2 /* KbChannel.m in Sources */,
				BCE9B64E1B98552A00D70B9E /* UIView+StringTag.m in Sources */,
				BCFF935F1B9B7FBB00B2EDF9 /* KbVideoPlayViewController.m in Sources */,
				BCE9B64D1B98552A00D70B9E /* NSString+meltutils.m in Sources */,
				BCFA1CB31B98AD19007E6904 /* KbBannerData.m in Sources */,
				BCE9B6581B9855F900D70B9E /* KbHomeViewController.m in Sources */,
				BCFF05371B9872050074BAE2 /* KbURLResponse.m in Sources */,
				BCFA1CB71B98B6F2007E6904 /* KbBannerView.m in Sources */,
				BCE9B64B1B98552A00D70B9E /* NSString+length.m in Sources */,
				BCFF93671B9B967A00B2EDF9 /* KbChannelProgram.m in Sources */,
				BCE9B64F1B98552A00D70B9E /* UIViewExt.m in Sources */,
				BCFF05141B9861C50074BAE2 /* KbURLRequest.m in Sources */,
				BCFF05211B986AE40074BAE2 /* KbConfig.m in Sources */,
				BCE9B64A1B98552A00D70B9E /* NSString+FilterHTML.m in Sources */,
				BCFF935B1B9B7DB400B2EDF9 /* KbVideo.m in Sources */,
				BCFA19D31B9ACE1000B3EE05 /* KbHomeProgramModel.m in Sources */,
				BCFF936E1B9B9CFC00B2EDF9 /* KbChannelProgramCell.m in Sources */,
				BCE9B63D1B98551200D70B9E /* kbBaseController.m in Sources */,
				BCE9B6521B98559D00D70B9E /* kbMoreViewController.m in Sources */,
				BCFF051E1B9869B30074BAE2 /* RACEXTRuntimeExtensions.m in Sources */,
				BCFF05271B986F690074BAE2 /* KbHomeBannerModel.m in Sources */,
				BCFF052E1B9870790074BAE2 /* KbChannelModel.m in Sources */,
				BCE9B64C1B98552A00D70B9E /* NSString+md5.m in Sources */,
				BCE9B6551B9855DF00D70B9E /* KbChannelViewController.m in Sources */,
				BCFF93551B9B573200B2EDF9 /* KbHomeCollectionViewLayout.m in Sources */,
				BCFF93521B9B4CCC00B2EDF9 /* KbHomeSectionHeaderView.m in Sources */,
				6E090FE91B86A37B00260BDC /* AppDelegate.m in Sources */,
				BCFA30201B99DFB900428387 /* UIColor+hexColor.m in Sources */,
				BCFC94CB1B9B07E7009799CD /* UIView+border.m in Sources */,
				6E090FE61B86A37B00260BDC /* main.m in Sources */,
			);
			runOnlyForDeploymentPostprocessing = 0;
		};
		6E090FF51B86A37B00260BDC /* Sources */ = {
			isa = PBXSourcesBuildPhase;
			buildActionMask = 2147483647;
			files = (
				6E0910001B86A37B00260BDC /* kuaibovTests.m in Sources */,
			);
			runOnlyForDeploymentPostprocessing = 0;
		};
/* End PBXSourcesBuildPhase section */

/* Begin PBXTargetDependency section */
		6E090FFB1B86A37B00260BDC /* PBXTargetDependency */ = {
			isa = PBXTargetDependency;
			target = 6E090FDF1B86A37B00260BDC /* kuaibov */;
			targetProxy = 6E090FFA1B86A37B00260BDC /* PBXContainerItemProxy */;
		};
/* End PBXTargetDependency section */

/* Begin XCBuildConfiguration section */
		6E0910011B86A37B00260BDC /* Debug */ = {
			isa = XCBuildConfiguration;
			buildSettings = {
				ALWAYS_SEARCH_USER_PATHS = NO;
				CLANG_CXX_LANGUAGE_STANDARD = "gnu++0x";
				CLANG_CXX_LIBRARY = "libc++";
				CLANG_ENABLE_MODULES = YES;
				CLANG_ENABLE_OBJC_ARC = YES;
				CLANG_WARN_BOOL_CONVERSION = YES;
				CLANG_WARN_CONSTANT_CONVERSION = YES;
				CLANG_WARN_DIRECT_OBJC_ISA_USAGE = YES_ERROR;
				CLANG_WARN_EMPTY_BODY = YES;
				CLANG_WARN_ENUM_CONVERSION = YES;
				CLANG_WARN_INT_CONVERSION = YES;
				CLANG_WARN_OBJC_ROOT_CLASS = YES_ERROR;
				CLANG_WARN_UNREACHABLE_CODE = YES;
				CLANG_WARN__DUPLICATE_METHOD_MATCH = YES;
				"CODE_SIGN_IDENTITY[sdk=iphoneos*]" = "iPhone Developer";
				COPY_PHASE_STRIP = NO;
				DEBUG_INFORMATION_FORMAT = "dwarf-with-dsym";
				ENABLE_STRICT_OBJC_MSGSEND = YES;
				GCC_C_LANGUAGE_STANDARD = gnu99;
				GCC_DYNAMIC_NO_PIC = NO;
				GCC_NO_COMMON_BLOCKS = YES;
				GCC_OPTIMIZATION_LEVEL = 0;
				GCC_PREPROCESSOR_DEFINITIONS = (
					"DEBUG=1",
					"$(inherited)",
				);
				GCC_SYMBOLS_PRIVATE_EXTERN = NO;
				GCC_WARN_64_TO_32_BIT_CONVERSION = YES;
				GCC_WARN_ABOUT_RETURN_TYPE = YES_ERROR;
				GCC_WARN_UNDECLARED_SELECTOR = YES;
				GCC_WARN_UNINITIALIZED_AUTOS = YES_AGGRESSIVE;
				GCC_WARN_UNUSED_FUNCTION = YES;
				GCC_WARN_UNUSED_VARIABLE = YES;
				IPHONEOS_DEPLOYMENT_TARGET = 7.0;
				MTL_ENABLE_DEBUG_INFO = YES;
				ONLY_ACTIVE_ARCH = YES;
				SDKROOT = iphoneos;
			};
			name = Debug;
		};
		6E0910021B86A37B00260BDC /* Release */ = {
			isa = XCBuildConfiguration;
			buildSettings = {
				ALWAYS_SEARCH_USER_PATHS = NO;
				CLANG_CXX_LANGUAGE_STANDARD = "gnu++0x";
				CLANG_CXX_LIBRARY = "libc++";
				CLANG_ENABLE_MODULES = YES;
				CLANG_ENABLE_OBJC_ARC = YES;
				CLANG_WARN_BOOL_CONVERSION = YES;
				CLANG_WARN_CONSTANT_CONVERSION = YES;
				CLANG_WARN_DIRECT_OBJC_ISA_USAGE = YES_ERROR;
				CLANG_WARN_EMPTY_BODY = YES;
				CLANG_WARN_ENUM_CONVERSION = YES;
				CLANG_WARN_INT_CONVERSION = YES;
				CLANG_WARN_OBJC_ROOT_CLASS = YES_ERROR;
				CLANG_WARN_UNREACHABLE_CODE = YES;
				CLANG_WARN__DUPLICATE_METHOD_MATCH = YES;
				"CODE_SIGN_IDENTITY[sdk=iphoneos*]" = "iPhone Developer";
				COPY_PHASE_STRIP = NO;
				DEBUG_INFORMATION_FORMAT = "dwarf-with-dsym";
				ENABLE_NS_ASSERTIONS = NO;
				ENABLE_STRICT_OBJC_MSGSEND = YES;
				GCC_C_LANGUAGE_STANDARD = gnu99;
				GCC_NO_COMMON_BLOCKS = YES;
				GCC_WARN_64_TO_32_BIT_CONVERSION = YES;
				GCC_WARN_ABOUT_RETURN_TYPE = YES_ERROR;
				GCC_WARN_UNDECLARED_SELECTOR = YES;
				GCC_WARN_UNINITIALIZED_AUTOS = YES_AGGRESSIVE;
				GCC_WARN_UNUSED_FUNCTION = YES;
				GCC_WARN_UNUSED_VARIABLE = YES;
				IPHONEOS_DEPLOYMENT_TARGET = 7.0;
				MTL_ENABLE_DEBUG_INFO = NO;
				SDKROOT = iphoneos;
				VALIDATE_PRODUCT = YES;
			};
			name = Release;
		};
		6E0910041B86A37B00260BDC /* Debug */ = {
			isa = XCBuildConfiguration;
			baseConfigurationReference = A829465AEB8D6C3264B4F256 /* Pods.debug.xcconfig */;
			buildSettings = {
				ASSETCATALOG_COMPILER_APPICON_NAME = AppIcon;
				ASSETCATALOG_COMPILER_LAUNCHIMAGE_NAME = LaunchImage;
				GCC_PREFIX_HEADER = kuaibov/kb.pch;
				INFOPLIST_FILE = kuaibov/Info.plist;
				LD_RUNPATH_SEARCH_PATHS = "$(inherited) @executable_path/Frameworks";
				PRODUCT_NAME = "$(TARGET_NAME)";
			};
			name = Debug;
		};
		6E0910051B86A37B00260BDC /* Release */ = {
			isa = XCBuildConfiguration;
			baseConfigurationReference = CEB2734AF03850849D8DF430 /* Pods.release.xcconfig */;
			buildSettings = {
				ASSETCATALOG_COMPILER_APPICON_NAME = AppIcon;
				ASSETCATALOG_COMPILER_LAUNCHIMAGE_NAME = LaunchImage;
				GCC_PREFIX_HEADER = kuaibov/kb.pch;
				INFOPLIST_FILE = kuaibov/Info.plist;
				LD_RUNPATH_SEARCH_PATHS = "$(inherited) @executable_path/Frameworks";
				PRODUCT_NAME = "$(TARGET_NAME)";
			};
			name = Release;
		};
		6E0910071B86A37B00260BDC /* Debug */ = {
			isa = XCBuildConfiguration;
			buildSettings = {
				BUNDLE_LOADER = "$(TEST_HOST)";
				FRAMEWORK_SEARCH_PATHS = (
					"$(SDKROOT)/Developer/Library/Frameworks",
					"$(inherited)",
				);
				GCC_PREPROCESSOR_DEFINITIONS = (
					"DEBUG=1",
					"$(inherited)",
				);
				INFOPLIST_FILE = kuaibovTests/Info.plist;
				LD_RUNPATH_SEARCH_PATHS = "$(inherited) @executable_path/Frameworks @loader_path/Frameworks";
				PRODUCT_NAME = "$(TARGET_NAME)";
				TEST_HOST = "$(BUILT_PRODUCTS_DIR)/kuaibov.app/kuaibov";
			};
			name = Debug;
		};
		6E0910081B86A37B00260BDC /* Release */ = {
			isa = XCBuildConfiguration;
			buildSettings = {
				BUNDLE_LOADER = "$(TEST_HOST)";
				FRAMEWORK_SEARCH_PATHS = (
					"$(SDKROOT)/Developer/Library/Frameworks",
					"$(inherited)",
				);
				INFOPLIST_FILE = kuaibovTests/Info.plist;
				LD_RUNPATH_SEARCH_PATHS = "$(inherited) @executable_path/Frameworks @loader_path/Frameworks";
				PRODUCT_NAME = "$(TARGET_NAME)";
				TEST_HOST = "$(BUILT_PRODUCTS_DIR)/kuaibov.app/kuaibov";
			};
			name = Release;
		};
/* End XCBuildConfiguration section */

/* Begin XCConfigurationList section */
		6E090FDB1B86A37B00260BDC /* Build configuration list for PBXProject "kuaibov" */ = {
			isa = XCConfigurationList;
			buildConfigurations = (
				6E0910011B86A37B00260BDC /* Debug */,
				6E0910021B86A37B00260BDC /* Release */,
			);
			defaultConfigurationIsVisible = 0;
			defaultConfigurationName = Release;
		};
		6E0910031B86A37B00260BDC /* Build configuration list for PBXNativeTarget "kuaibov" */ = {
			isa = XCConfigurationList;
			buildConfigurations = (
				6E0910041B86A37B00260BDC /* Debug */,
				6E0910051B86A37B00260BDC /* Release */,
			);
			defaultConfigurationIsVisible = 0;
			defaultConfigurationName = Release;
		};
		6E0910061B86A37B00260BDC /* Build configuration list for PBXNativeTarget "kuaibovTests" */ = {
			isa = XCConfigurationList;
			buildConfigurations = (
				6E0910071B86A37B00260BDC /* Debug */,
				6E0910081B86A37B00260BDC /* Release */,
			);
			defaultConfigurationIsVisible = 0;
			defaultConfigurationName = Release;
		};
/* End XCConfigurationList section */
	};
	rootObject = 6E090FD81B86A37B00260BDC /* Project object */;
}
