// !$*UTF8*$!
{
	archiveVersion = 1;
	classes = {
	};
	objectVersion = 46;
	objects = {

/* Begin PBXBuildFile section */
		56794F4345B561BA89892950 /* libPods.a in Frameworks */ = {isa = PBXBuildFile; fileRef = 4B8B6ED104721273B48C5C5C /* libPods.a */; };
		6E090FE61B86A37B00260BDC /* main.m in Sources */ = {isa = PBXBuildFile; fileRef = 6E090FE51B86A37B00260BDC /* main.m */; };
		6E090FE91B86A37B00260BDC /* AppDelegate.m in Sources */ = {isa = PBXBuildFile; fileRef = 6E090FE81B86A37B00260BDC /* AppDelegate.m */; };
		6E090FEC1B86A37B00260BDC /* ViewController.m in Sources */ = {isa = PBXBuildFile; fileRef = 6E090FEB1B86A37B00260BDC /* ViewController.m */; };
		6E090FEF1B86A37B00260BDC /* Main.storyboard in Resources */ = {isa = PBXBuildFile; fileRef = 6E090FED1B86A37B00260BDC /* Main.storyboard */; };
		6E090FF11B86A37B00260BDC /* Images.xcassets in Resources */ = {isa = PBXBuildFile; fileRef = 6E090FF01B86A37B00260BDC /* Images.xcassets */; };
		6E090FF41B86A37B00260BDC /* LaunchScreen.xib in Resources */ = {isa = PBXBuildFile; fileRef = 6E090FF21B86A37B00260BDC /* LaunchScreen.xib */; };
		6E0910001B86A37B00260BDC /* kuaibovTests.m in Sources */ = {isa = PBXBuildFile; fileRef = 6E090FFF1B86A37B00260BDC /* kuaibovTests.m */; };
		6E2B8ADB1B95F99100053761 /* kbBaseController.m in Sources */ = {isa = PBXBuildFile; fileRef = 6E2B8ADA1B95F99100053761 /* kbBaseController.m */; };
		6E2B8ADE1B95F9A800053761 /* KbHomeViewController.m in Sources */ = {isa = PBXBuildFile; fileRef = 6E2B8ADD1B95F9A800053761 /* KbHomeViewController.m */; };
		6E2B8AE21B95F9BE00053761 /* KbChannelViewController.m in Sources */ = {isa = PBXBuildFile; fileRef = 6E2B8AE11B95F9BE00053761 /* KbChannelViewController.m */; };
		6E2B8AE61B95F9D400053761 /* kbMoreViewController.m in Sources */ = {isa = PBXBuildFile; fileRef = 6E2B8AE51B95F9D400053761 /* kbMoreViewController.m */; };
		6E2B8AF01B95FD6800053761 /* UIView+StringTag.m in Sources */ = {isa = PBXBuildFile; fileRef = 6E2B8AED1B95FD6800053761 /* UIView+StringTag.m */; };
		6E2B8AF11B95FD6800053761 /* UIViewExt.m in Sources */ = {isa = PBXBuildFile; fileRef = 6E2B8AEF1B95FD6800053761 /* UIViewExt.m */; };
		6E2B8AFA1B95FDAF00053761 /* NSString+FilterHTML.m in Sources */ = {isa = PBXBuildFile; fileRef = 6E2B8AF31B95FDAF00053761 /* NSString+FilterHTML.m */; };
		6E2B8AFB1B95FDAF00053761 /* NSString+length.m in Sources */ = {isa = PBXBuildFile; fileRef = 6E2B8AF51B95FDAF00053761 /* NSString+length.m */; };
		6E2B8AFC1B95FDAF00053761 /* NSString+md5.m in Sources */ = {isa = PBXBuildFile; fileRef = 6E2B8AF71B95FDAF00053761 /* NSString+md5.m */; };
		6E2B8AFD1B95FDAF00053761 /* NSString+meltutils.m in Sources */ = {isa = PBXBuildFile; fileRef = 6E2B8AF91B95FDAF00053761 /* NSString+meltutils.m */; };
/* End PBXBuildFile section */

/* Begin PBXContainerItemProxy section */
		6E090FFA1B86A37B00260BDC /* PBXContainerItemProxy */ = {
			isa = PBXContainerItemProxy;
			containerPortal = 6E090FD81B86A37B00260BDC /* Project object */;
			proxyType = 1;
			remoteGlobalIDString = 6E090FDF1B86A37B00260BDC;
			remoteInfo = kuaibov;
		};
/* End PBXContainerItemProxy section */

/* Begin PBXFileReference section */
		4B8B6ED104721273B48C5C5C /* libPods.a */ = {isa = PBXFileReference; explicitFileType = archive.ar; includeInIndex = 0; path = libPods.a; sourceTree = BUILT_PRODUCTS_DIR; };
		6E090FE01B86A37B00260BDC /* kuaibov.app */ = {isa = PBXFileReference; explicitFileType = wrapper.application; includeInIndex = 0; path = kuaibov.app; sourceTree = BUILT_PRODUCTS_DIR; };
		6E090FE41B86A37B00260BDC /* Info.plist */ = {isa = PBXFileReference; lastKnownFileType = text.plist.xml; path = Info.plist; sourceTree = "<group>"; };
		6E090FE51B86A37B00260BDC /* main.m */ = {isa = PBXFileReference; lastKnownFileType = sourcecode.c.objc; path = main.m; sourceTree = "<group>"; };
		6E090FE71B86A37B00260BDC /* AppDelegate.h */ = {isa = PBXFileReference; lastKnownFileType = sourcecode.c.h; path = AppDelegate.h; sourceTree = "<group>"; };
		6E090FE81B86A37B00260BDC /* AppDelegate.m */ = {isa = PBXFileReference; lastKnownFileType = sourcecode.c.objc; path = AppDelegate.m; sourceTree = "<group>"; };
		6E090FEA1B86A37B00260BDC /* ViewController.h */ = {isa = PBXFileReference; lastKnownFileType = sourcecode.c.h; path = ViewController.h; sourceTree = "<group>"; };
		6E090FEB1B86A37B00260BDC /* ViewController.m */ = {isa = PBXFileReference; lastKnownFileType = sourcecode.c.objc; path = ViewController.m; sourceTree = "<group>"; };
		6E090FEE1B86A37B00260BDC /* Base */ = {isa = PBXFileReference; lastKnownFileType = file.storyboard; name = Base; path = Base.lproj/Main.storyboard; sourceTree = "<group>"; };
		6E090FF01B86A37B00260BDC /* Images.xcassets */ = {isa = PBXFileReference; lastKnownFileType = folder.assetcatalog; path = Images.xcassets; sourceTree = "<group>"; };
		6E090FF31B86A37B00260BDC /* Base */ = {isa = PBXFileReference; lastKnownFileType = file.xib; name = Base; path = Base.lproj/LaunchScreen.xib; sourceTree = "<group>"; };
		6E090FF91B86A37B00260BDC /* kuaibovTests.xctest */ = {isa = PBXFileReference; explicitFileType = wrapper.cfbundle; includeInIndex = 0; path = kuaibovTests.xctest; sourceTree = BUILT_PRODUCTS_DIR; };
		6E090FFE1B86A37B00260BDC /* Info.plist */ = {isa = PBXFileReference; lastKnownFileType = text.plist.xml; path = Info.plist; sourceTree = "<group>"; };
		6E090FFF1B86A37B00260BDC /* kuaibovTests.m */ = {isa = PBXFileReference; lastKnownFileType = sourcecode.c.objc; path = kuaibovTests.m; sourceTree = "<group>"; };
		6E2B8AD91B95F99100053761 /* kbBaseController.h */ = {isa = PBXFileReference; fileEncoding = 4; lastKnownFileType = sourcecode.c.h; name = kbBaseController.h; path = Class/Base/kbBaseController.h; sourceTree = "<group>"; };
		6E2B8ADA1B95F99100053761 /* kbBaseController.m */ = {isa = PBXFileReference; fileEncoding = 4; lastKnownFileType = sourcecode.c.objc; name = kbBaseController.m; path = Class/Base/kbBaseController.m; sourceTree = "<group>"; };
		6E2B8ADC1B95F9A800053761 /* KbHomeViewController.h */ = {isa = PBXFileReference; fileEncoding = 4; lastKnownFileType = sourcecode.c.h; name = KbHomeViewController.h; path = Class/Home/KbHomeViewController.h; sourceTree = "<group>"; };
		6E2B8ADD1B95F9A800053761 /* KbHomeViewController.m */ = {isa = PBXFileReference; fileEncoding = 4; lastKnownFileType = sourcecode.c.objc; name = KbHomeViewController.m; path = Class/Home/KbHomeViewController.m; sourceTree = "<group>"; };
		6E2B8AE01B95F9BE00053761 /* KbChannelViewController.h */ = {isa = PBXFileReference; fileEncoding = 4; lastKnownFileType = sourcecode.c.h; path = KbChannelViewController.h; sourceTree = "<group>"; };
		6E2B8AE11B95F9BE00053761 /* KbChannelViewController.m */ = {isa = PBXFileReference; fileEncoding = 4; lastKnownFileType = sourcecode.c.objc; path = KbChannelViewController.m; sourceTree = "<group>"; };
		6E2B8AE41B95F9D400053761 /* kbMoreViewController.h */ = {isa = PBXFileReference; fileEncoding = 4; lastKnownFileType = sourcecode.c.h; path = kbMoreViewController.h; sourceTree = "<group>"; };
		6E2B8AE51B95F9D400053761 /* kbMoreViewController.m */ = {isa = PBXFileReference; fileEncoding = 4; lastKnownFileType = sourcecode.c.objc; path = kbMoreViewController.m; sourceTree = "<group>"; };
		6E2B8AE71B95FA3C00053761 /* Constants.h */ = {isa = PBXFileReference; lastKnownFileType = sourcecode.c.h; path = Constants.h; sourceTree = "<group>"; };
		6E2B8AE81B95FA7600053761 /* kb.pch */ = {isa = PBXFileReference; fileEncoding = 4; lastKnownFileType = sourcecode.c.h; path = kb.pch; sourceTree = "<group>"; };
		6E2B8AEC1B95FD6800053761 /* UIView+StringTag.h */ = {isa = PBXFileReference; fileEncoding = 4; lastKnownFileType = sourcecode.c.h; name = "UIView+StringTag.h"; path = "Class/Utils/UIView+StringTag.h"; sourceTree = "<group>"; };
		6E2B8AED1B95FD6800053761 /* UIView+StringTag.m */ = {isa = PBXFileReference; fileEncoding = 4; lastKnownFileType = sourcecode.c.objc; name = "UIView+StringTag.m"; path = "Class/Utils/UIView+StringTag.m"; sourceTree = "<group>"; };
		6E2B8AEE1B95FD6800053761 /* UIViewExt.h */ = {isa = PBXFileReference; fileEncoding = 4; lastKnownFileType = sourcecode.c.h; name = UIViewExt.h; path = Class/Utils/UIViewExt.h; sourceTree = "<group>"; };
		6E2B8AEF1B95FD6800053761 /* UIViewExt.m */ = {isa = PBXFileReference; fileEncoding = 4; lastKnownFileType = sourcecode.c.objc; name = UIViewExt.m; path = Class/Utils/UIViewExt.m; sourceTree = "<group>"; };
		6E2B8AF21B95FDAF00053761 /* NSString+FilterHTML.h */ = {isa = PBXFileReference; fileEncoding = 4; lastKnownFileType = sourcecode.c.h; name = "NSString+FilterHTML.h"; path = "Class/Utils/NSString+FilterHTML.h"; sourceTree = "<group>"; };
		6E2B8AF31B95FDAF00053761 /* NSString+FilterHTML.m */ = {isa = PBXFileReference; fileEncoding = 4; lastKnownFileType = sourcecode.c.objc; name = "NSString+FilterHTML.m"; path = "Class/Utils/NSString+FilterHTML.m"; sourceTree = "<group>"; };
		6E2B8AF41B95FDAF00053761 /* NSString+length.h */ = {isa = PBXFileReference; fileEncoding = 4; lastKnownFileType = sourcecode.c.h; name = "NSString+length.h"; path = "Class/Utils/NSString+length.h"; sourceTree = "<group>"; };
		6E2B8AF51B95FDAF00053761 /* NSString+length.m */ = {isa = PBXFileReference; fileEncoding = 4; lastKnownFileType = sourcecode.c.objc; name = "NSString+length.m"; path = "Class/Utils/NSString+length.m"; sourceTree = "<group>"; };
		6E2B8AF61B95FDAF00053761 /* NSString+md5.h */ = {isa = PBXFileReference; fileEncoding = 4; lastKnownFileType = sourcecode.c.h; name = "NSString+md5.h"; path = "Class/Utils/NSString+md5.h"; sourceTree = "<group>"; };
		6E2B8AF71B95FDAF00053761 /* NSString+md5.m */ = {isa = PBXFileReference; fileEncoding = 4; lastKnownFileType = sourcecode.c.objc; name = "NSString+md5.m"; path = "Class/Utils/NSString+md5.m"; sourceTree = "<group>"; };
		6E2B8AF81B95FDAF00053761 /* NSString+meltutils.h */ = {isa = PBXFileReference; fileEncoding = 4; lastKnownFileType = sourcecode.c.h; name = "NSString+meltutils.h"; path = "Class/Utils/NSString+meltutils.h"; sourceTree = "<group>"; };
		6E2B8AF91B95FDAF00053761 /* NSString+meltutils.m */ = {isa = PBXFileReference; fileEncoding = 4; lastKnownFileType = sourcecode.c.objc; name = "NSString+meltutils.m"; path = "Class/Utils/NSString+meltutils.m"; sourceTree = "<group>"; };
		A829465AEB8D6C3264B4F256 /* Pods.debug.xcconfig */ = {isa = PBXFileReference; includeInIndex = 1; lastKnownFileType = text.xcconfig; name = Pods.debug.xcconfig; path = "Pods/Target Support Files/Pods/Pods.debug.xcconfig"; sourceTree = "<group>"; };
		CEB2734AF03850849D8DF430 /* Pods.release.xcconfig */ = {isa = PBXFileReference; includeInIndex = 1; lastKnownFileType = text.xcconfig; name = Pods.release.xcconfig; path = "Pods/Target Support Files/Pods/Pods.release.xcconfig"; sourceTree = "<group>"; };
/* End PBXFileReference section */

/* Begin PBXFrameworksBuildPhase section */
		6E090FDD1B86A37B00260BDC /* Frameworks */ = {
			isa = PBXFrameworksBuildPhase;
			buildActionMask = 2147483647;
			files = (
				56794F4345B561BA89892950 /* libPods.a in Frameworks */,
			);
			runOnlyForDeploymentPostprocessing = 0;
		};
		6E090FF61B86A37B00260BDC /* Frameworks */ = {
			isa = PBXFrameworksBuildPhase;
			buildActionMask = 2147483647;
			files = (
			);
			runOnlyForDeploymentPostprocessing = 0;
		};
/* End PBXFrameworksBuildPhase section */

/* Begin PBXGroup section */
		6E090FD71B86A37B00260BDC = {
			isa = PBXGroup;
			children = (
				6E090FE21B86A37B00260BDC /* kuaibov */,
				6E090FFC1B86A37B00260BDC /* kuaibovTests */,
				6E090FE11B86A37B00260BDC /* Products */,
				DC2BFF3E1892DDF7AF0CA3B0 /* Pods */,
				9C36E5AF707F393D00B248C2 /* Frameworks */,
			);
			sourceTree = "<group>";
		};
		6E090FE11B86A37B00260BDC /* Products */ = {
			isa = PBXGroup;
			children = (
				6E090FE01B86A37B00260BDC /* kuaibov.app */,
				6E090FF91B86A37B00260BDC /* kuaibovTests.xctest */,
			);
			name = Products;
			sourceTree = "<group>";
		};
		6E090FE21B86A37B00260BDC /* kuaibov */ = {
			isa = PBXGroup;
			children = (
				6E2B8AD21B95F92600053761 /* Class */,
				6E090FE71B86A37B00260BDC /* AppDelegate.h */,
				6E090FE81B86A37B00260BDC /* AppDelegate.m */,
				6E090FEA1B86A37B00260BDC /* ViewController.h */,
				6E090FEB1B86A37B00260BDC /* ViewController.m */,
				6E090FED1B86A37B00260BDC /* Main.storyboard */,
				6E090FF01B86A37B00260BDC /* Images.xcassets */,
				6E090FF21B86A37B00260BDC /* LaunchScreen.xib */,
				6E090FE31B86A37B00260BDC /* Supporting Files */,
			);
			path = kuaibov;
			sourceTree = "<group>";
		};
		6E090FE31B86A37B00260BDC /* Supporting Files */ = {
			isa = PBXGroup;
			children = (
				6E090FE41B86A37B00260BDC /* Info.plist */,
				6E090FE51B86A37B00260BDC /* main.m */,
				6E2B8AE71B95FA3C00053761 /* Constants.h */,
				6E2B8AE81B95FA7600053761 /* kb.pch */,
			);
			name = "Supporting Files";
			sourceTree = "<group>";
		};
		6E090FFC1B86A37B00260BDC /* kuaibovTests */ = {
			isa = PBXGroup;
			children = (
				6E090FFF1B86A37B00260BDC /* kuaibovTests.m */,
				6E090FFD1B86A37B00260BDC /* Supporting Files */,
			);
			path = kuaibovTests;
			sourceTree = "<group>";
		};
		6E090FFD1B86A37B00260BDC /* Supporting Files */ = {
			isa = PBXGroup;
			children = (
				6E090FFE1B86A37B00260BDC /* Info.plist */,
			);
			name = "Supporting Files";
			sourceTree = "<group>";
		};
		6E2B8AD21B95F92600053761 /* Class */ = {
			isa = PBXGroup;
			children = (
				6E2B8AEB1B95FD5600053761 /* Utils */,
				6E2B8AD71B95F96C00053761 /* Base */,
				6E2B8AD51B95F94400053761 /* More */,
				6E2B8AD41B95F93200053761 /* Channel */,
				6E2B8AD31B95F92C00053761 /* Home */,
			);
			name = Class;
			sourceTree = "<group>";
		};
		6E2B8AD31B95F92C00053761 /* Home */ = {
			isa = PBXGroup;
			children = (
				6E2B8AD61B95F94D00053761 /* Controller */,
			);
			name = Home;
			sourceTree = "<group>";
		};
		6E2B8AD41B95F93200053761 /* Channel */ = {
			isa = PBXGroup;
			children = (
				6E2B8ADF1B95F9AE00053761 /* Controller */,
			);
			name = Channel;
			sourceTree = "<group>";
		};
		6E2B8AD51B95F94400053761 /* More */ = {
			isa = PBXGroup;
			children = (
				6E2B8AE31B95F9C300053761 /* Controller */,
			);
			name = More;
			sourceTree = "<group>";
		};
		6E2B8AD61B95F94D00053761 /* Controller */ = {
			isa = PBXGroup;
			children = (
				6E2B8ADC1B95F9A800053761 /* KbHomeViewController.h */,
				6E2B8ADD1B95F9A800053761 /* KbHomeViewController.m */,
			);
			name = Controller;
			sourceTree = "<group>";
		};
		6E2B8AD71B95F96C00053761 /* Base */ = {
			isa = PBXGroup;
			children = (
				6E2B8AD81B95F97000053761 /* Controller */,
			);
			name = Base;
			sourceTree = "<group>";
		};
		6E2B8AD81B95F97000053761 /* Controller */ = {
			isa = PBXGroup;
			children = (
				6E2B8AD91B95F99100053761 /* kbBaseController.h */,
				6E2B8ADA1B95F99100053761 /* kbBaseController.m */,
			);
			name = Controller;
			sourceTree = "<group>";
		};
		6E2B8ADF1B95F9AE00053761 /* Controller */ = {
			isa = PBXGroup;
			children = (
				6E2B8AE01B95F9BE00053761 /* KbChannelViewController.h */,
				6E2B8AE11B95F9BE00053761 /* KbChannelViewController.m */,
			);
			name = Controller;
			sourceTree = "<group>";
		};
		6E2B8AE31B95F9C300053761 /* Controller */ = {
			isa = PBXGroup;
			children = (
				6E2B8AE41B95F9D400053761 /* kbMoreViewController.h */,
				6E2B8AE51B95F9D400053761 /* kbMoreViewController.m */,
			);
			name = Controller;
			sourceTree = "<group>";
		};
		6E2B8AEB1B95FD5600053761 /* Utils */ = {
			isa = PBXGroup;
			children = (
				6E2B8AF21B95FDAF00053761 /* NSString+FilterHTML.h */,
				6E2B8AF31B95FDAF00053761 /* NSString+FilterHTML.m */,
				6E2B8AF41B95FDAF00053761 /* NSString+length.h */,
				6E2B8AF51B95FDAF00053761 /* NSString+length.m */,
				6E2B8AF61B95FDAF00053761 /* NSString+md5.h */,
				6E2B8AF71B95FDAF00053761 /* NSString+md5.m */,
				6E2B8AF81B95FDAF00053761 /* NSString+meltutils.h */,
				6E2B8AF91B95FDAF00053761 /* NSString+meltutils.m */,
				6E2B8AEC1B95FD6800053761 /* UIView+StringTag.h */,
				6E2B8AED1B95FD6800053761 /* UIView+StringTag.m */,
				6E2B8AEE1B95FD6800053761 /* UIViewExt.h */,
				6E2B8AEF1B95FD6800053761 /* UIViewExt.m */,
			);
			name = Utils;
			sourceTree = "<group>";
		};
		9C36E5AF707F393D00B248C2 /* Frameworks */ = {
			isa = PBXGroup;
			children = (
				4B8B6ED104721273B48C5C5C /* libPods.a */,
			);
			name = Frameworks;
			sourceTree = "<group>";
		};
		DC2BFF3E1892DDF7AF0CA3B0 /* Pods */ = {
			isa = PBXGroup;
			children = (
				A829465AEB8D6C3264B4F256 /* Pods.debug.xcconfig */,
				CEB2734AF03850849D8DF430 /* Pods.release.xcconfig */,
			);
			name = Pods;
			sourceTree = "<group>";
		};
/* End PBXGroup section */

/* Begin PBXNativeTarget section */
		6E090FDF1B86A37B00260BDC /* kuaibov */ = {
			isa = PBXNativeTarget;
			buildConfigurationList = 6E0910031B86A37B00260BDC /* Build configuration list for PBXNativeTarget "kuaibov" */;
			buildPhases = (
				77E18321CA70D15B4525693C /* Check Pods Manifest.lock */,
				6E090FDC1B86A37B00260BDC /* Sources */,
				6E090FDD1B86A37B00260BDC /* Frameworks */,
				6E090FDE1B86A37B00260BDC /* Resources */,
				373BC291E9C16C411F750F1C /* Copy Pods Resources */,
			);
			buildRules = (
			);
			dependencies = (
			);
			name = kuaibov;
			productName = kuaibov;
			productReference = 6E090FE01B86A37B00260BDC /* kuaibov.app */;
			productType = "com.apple.product-type.application";
		};
		6E090FF81B86A37B00260BDC /* kuaibovTests */ = {
			isa = PBXNativeTarget;
			buildConfigurationList = 6E0910061B86A37B00260BDC /* Build configuration list for PBXNativeTarget "kuaibovTests" */;
			buildPhases = (
				6E090FF51B86A37B00260BDC /* Sources */,
				6E090FF61B86A37B00260BDC /* Frameworks */,
				6E090FF71B86A37B00260BDC /* Resources */,
			);
			buildRules = (
			);
			dependencies = (
				6E090FFB1B86A37B00260BDC /* PBXTargetDependency */,
			);
			name = kuaibovTests;
			productName = kuaibovTests;
			productReference = 6E090FF91B86A37B00260BDC /* kuaibovTests.xctest */;
			productType = "com.apple.product-type.bundle.unit-test";
		};
/* End PBXNativeTarget section */

/* Begin PBXProject section */
		6E090FD81B86A37B00260BDC /* Project object */ = {
			isa = PBXProject;
			attributes = {
				LastUpgradeCheck = 0640;
				ORGANIZATIONNAME = kuaibov;
				TargetAttributes = {
					6E090FDF1B86A37B00260BDC = {
						CreatedOnToolsVersion = 6.4;
					};
					6E090FF81B86A37B00260BDC = {
						CreatedOnToolsVersion = 6.4;
						TestTargetID = 6E090FDF1B86A37B00260BDC;
					};
				};
			};
			buildConfigurationList = 6E090FDB1B86A37B00260BDC /* Build configuration list for PBXProject "kuaibov" */;
			compatibilityVersion = "Xcode 3.2";
			developmentRegion = English;
			hasScannedForEncodings = 0;
			knownRegions = (
				en,
				Base,
			);
			mainGroup = 6E090FD71B86A37B00260BDC;
			productRefGroup = 6E090FE11B86A37B00260BDC /* Products */;
			projectDirPath = "";
			projectRoot = "";
			targets = (
				6E090FDF1B86A37B00260BDC /* kuaibov */,
				6E090FF81B86A37B00260BDC /* kuaibovTests */,
			);
		};
/* End PBXProject section */

/* Begin PBXResourcesBuildPhase section */
		6E090FDE1B86A37B00260BDC /* Resources */ = {
			isa = PBXResourcesBuildPhase;
			buildActionMask = 2147483647;
			files = (
				6E090FEF1B86A37B00260BDC /* Main.storyboard in Resources */,
				6E090FF41B86A37B00260BDC /* LaunchScreen.xib in Resources */,
				6E090FF11B86A37B00260BDC /* Images.xcassets in Resources */,
			);
			runOnlyForDeploymentPostprocessing = 0;
		};
		6E090FF71B86A37B00260BDC /* Resources */ = {
			isa = PBXResourcesBuildPhase;
			buildActionMask = 2147483647;
			files = (
			);
			runOnlyForDeploymentPostprocessing = 0;
		};
/* End PBXResourcesBuildPhase section */

/* Begin PBXShellScriptBuildPhase section */
		373BC291E9C16C411F750F1C /* Copy Pods Resources */ = {
			isa = PBXShellScriptBuildPhase;
			buildActionMask = 2147483647;
			files = (
			);
			inputPaths = (
			);
			name = "Copy Pods Resources";
			outputPaths = (
			);
			runOnlyForDeploymentPostprocessing = 0;
			shellPath = /bin/sh;
			shellScript = "\"${SRCROOT}/Pods/Target Support Files/Pods/Pods-resources.sh\"\n";
			showEnvVarsInLog = 0;
		};
		77E18321CA70D15B4525693C /* Check Pods Manifest.lock */ = {
			isa = PBXShellScriptBuildPhase;
			buildActionMask = 2147483647;
			files = (
			);
			inputPaths = (
			);
			name = "Check Pods Manifest.lock";
			outputPaths = (
			);
			runOnlyForDeploymentPostprocessing = 0;
			shellPath = /bin/sh;
			shellScript = "diff \"${PODS_ROOT}/../Podfile.lock\" \"${PODS_ROOT}/Manifest.lock\" > /dev/null\nif [[ $? != 0 ]] ; then\n    cat << EOM\nerror: The sandbox is not in sync with the Podfile.lock. Run 'pod install' or update your CocoaPods installation.\nEOM\n    exit 1\nfi\n";
			showEnvVarsInLog = 0;
		};
/* End PBXShellScriptBuildPhase section */

/* Begin PBXSourcesBuildPhase section */
		6E090FDC1B86A37B00260BDC /* Sources */ = {
			isa = PBXSourcesBuildPhase;
			buildActionMask = 2147483647;
			files = (
				6E2B8ADE1B95F9A800053761 /* KbHomeViewController.m in Sources */,
				6E090FEC1B86A37B00260BDC /* ViewController.m in Sources */,
				6E2B8AE61B95F9D400053761 /* kbMoreViewController.m in Sources */,
				6E2B8ADB1B95F99100053761 /* kbBaseController.m in Sources */,
				6E2B8AFA1B95FDAF00053761 /* NSString+FilterHTML.m in Sources */,
				6E2B8AFB1B95FDAF00053761 /* NSString+length.m in Sources */,
				6E2B8AFC1B95FDAF00053761 /* NSString+md5.m in Sources */,
				6E2B8AF11B95FD6800053761 /* UIViewExt.m in Sources */,
				6E2B8AF01B95FD6800053761 /* UIView+StringTag.m in Sources */,
				6E2B8AFD1B95FDAF00053761 /* NSString+meltutils.m in Sources */,
				6E2B8AE21B95F9BE00053761 /* KbChannelViewController.m in Sources */,
				6E090FE91B86A37B00260BDC /* AppDelegate.m in Sources */,
				6E090FE61B86A37B00260BDC /* main.m in Sources */,
			);
			runOnlyForDeploymentPostprocessing = 0;
		};
		6E090FF51B86A37B00260BDC /* Sources */ = {
			isa = PBXSourcesBuildPhase;
			buildActionMask = 2147483647;
			files = (
				6E0910001B86A37B00260BDC /* kuaibovTests.m in Sources */,
			);
			runOnlyForDeploymentPostprocessing = 0;
		};
/* End PBXSourcesBuildPhase section */

/* Begin PBXTargetDependency section */
		6E090FFB1B86A37B00260BDC /* PBXTargetDependency */ = {
			isa = PBXTargetDependency;
			target = 6E090FDF1B86A37B00260BDC /* kuaibov */;
			targetProxy = 6E090FFA1B86A37B00260BDC /* PBXContainerItemProxy */;
		};
/* End PBXTargetDependency section */

/* Begin PBXVariantGroup section */
		6E090FED1B86A37B00260BDC /* Main.storyboard */ = {
			isa = PBXVariantGroup;
			children = (
				6E090FEE1B86A37B00260BDC /* Base */,
			);
			name = Main.storyboard;
			sourceTree = "<group>";
		};
		6E090FF21B86A37B00260BDC /* LaunchScreen.xib */ = {
			isa = PBXVariantGroup;
			children = (
				6E090FF31B86A37B00260BDC /* Base */,
			);
			name = LaunchScreen.xib;
			sourceTree = "<group>";
		};
/* End PBXVariantGroup section */

/* Begin XCBuildConfiguration section */
		6E0910011B86A37B00260BDC /* Debug */ = {
			isa = XCBuildConfiguration;
			buildSettings = {
				ALWAYS_SEARCH_USER_PATHS = NO;
				CLANG_CXX_LANGUAGE_STANDARD = "gnu++0x";
				CLANG_CXX_LIBRARY = "libc++";
				CLANG_ENABLE_MODULES = YES;
				CLANG_ENABLE_OBJC_ARC = YES;
				CLANG_WARN_BOOL_CONVERSION = YES;
				CLANG_WARN_CONSTANT_CONVERSION = YES;
				CLANG_WARN_DIRECT_OBJC_ISA_USAGE = YES_ERROR;
				CLANG_WARN_EMPTY_BODY = YES;
				CLANG_WARN_ENUM_CONVERSION = YES;
				CLANG_WARN_INT_CONVERSION = YES;
				CLANG_WARN_OBJC_ROOT_CLASS = YES_ERROR;
				CLANG_WARN_UNREACHABLE_CODE = YES;
				CLANG_WARN__DUPLICATE_METHOD_MATCH = YES;
				"CODE_SIGN_IDENTITY[sdk=iphoneos*]" = "iPhone Developer";
				COPY_PHASE_STRIP = NO;
				DEBUG_INFORMATION_FORMAT = "dwarf-with-dsym";
				ENABLE_STRICT_OBJC_MSGSEND = YES;
				GCC_C_LANGUAGE_STANDARD = gnu99;
				GCC_DYNAMIC_NO_PIC = NO;
				GCC_NO_COMMON_BLOCKS = YES;
				GCC_OPTIMIZATION_LEVEL = 0;
				GCC_PREPROCESSOR_DEFINITIONS = (
					"DEBUG=1",
					"$(inherited)",
				);
				GCC_SYMBOLS_PRIVATE_EXTERN = NO;
				GCC_WARN_64_TO_32_BIT_CONVERSION = YES;
				GCC_WARN_ABOUT_RETURN_TYPE = YES_ERROR;
				GCC_WARN_UNDECLARED_SELECTOR = YES;
				GCC_WARN_UNINITIALIZED_AUTOS = YES_AGGRESSIVE;
				GCC_WARN_UNUSED_FUNCTION = YES;
				GCC_WARN_UNUSED_VARIABLE = YES;
				IPHONEOS_DEPLOYMENT_TARGET = 8.4;
				MTL_ENABLE_DEBUG_INFO = YES;
				ONLY_ACTIVE_ARCH = YES;
				SDKROOT = iphoneos;
			};
			name = Debug;
		};
		6E0910021B86A37B00260BDC /* Release */ = {
			isa = XCBuildConfiguration;
			buildSettings = {
				ALWAYS_SEARCH_USER_PATHS = NO;
				CLANG_CXX_LANGUAGE_STANDARD = "gnu++0x";
				CLANG_CXX_LIBRARY = "libc++";
				CLANG_ENABLE_MODULES = YES;
				CLANG_ENABLE_OBJC_ARC = YES;
				CLANG_WARN_BOOL_CONVERSION = YES;
				CLANG_WARN_CONSTANT_CONVERSION = YES;
				CLANG_WARN_DIRECT_OBJC_ISA_USAGE = YES_ERROR;
				CLANG_WARN_EMPTY_BODY = YES;
				CLANG_WARN_ENUM_CONVERSION = YES;
				CLANG_WARN_INT_CONVERSION = YES;
				CLANG_WARN_OBJC_ROOT_CLASS = YES_ERROR;
				CLANG_WARN_UNREACHABLE_CODE = YES;
				CLANG_WARN__DUPLICATE_METHOD_MATCH = YES;
				"CODE_SIGN_IDENTITY[sdk=iphoneos*]" = "iPhone Developer";
				COPY_PHASE_STRIP = NO;
				DEBUG_INFORMATION_FORMAT = "dwarf-with-dsym";
				ENABLE_NS_ASSERTIONS = NO;
				ENABLE_STRICT_OBJC_MSGSEND = YES;
				GCC_C_LANGUAGE_STANDARD = gnu99;
				GCC_NO_COMMON_BLOCKS = YES;
				GCC_WARN_64_TO_32_BIT_CONVERSION = YES;
				GCC_WARN_ABOUT_RETURN_TYPE = YES_ERROR;
				GCC_WARN_UNDECLARED_SELECTOR = YES;
				GCC_WARN_UNINITIALIZED_AUTOS = YES_AGGRESSIVE;
				GCC_WARN_UNUSED_FUNCTION = YES;
				GCC_WARN_UNUSED_VARIABLE = YES;
				IPHONEOS_DEPLOYMENT_TARGET = 8.4;
				MTL_ENABLE_DEBUG_INFO = NO;
				SDKROOT = iphoneos;
				VALIDATE_PRODUCT = YES;
			};
			name = Release;
		};
		6E0910041B86A37B00260BDC /* Debug */ = {
			isa = XCBuildConfiguration;
			baseConfigurationReference = A829465AEB8D6C3264B4F256 /* Pods.debug.xcconfig */;
			buildSettings = {
				ASSETCATALOG_COMPILER_APPICON_NAME = AppIcon;
				GCC_PREFIX_HEADER = kuaibov/kb.pch;
				INFOPLIST_FILE = kuaibov/Info.plist;
				LD_RUNPATH_SEARCH_PATHS = "$(inherited) @executable_path/Frameworks";
				PRODUCT_NAME = "$(TARGET_NAME)";
			};
			name = Debug;
		};
		6E0910051B86A37B00260BDC /* Release */ = {
			isa = XCBuildConfiguration;
			baseConfigurationReference = CEB2734AF03850849D8DF430 /* Pods.release.xcconfig */;
			buildSettings = {
				ASSETCATALOG_COMPILER_APPICON_NAME = AppIcon;
				GCC_PREFIX_HEADER = kuaibov/kb.pch;
				INFOPLIST_FILE = kuaibov/Info.plist;
				LD_RUNPATH_SEARCH_PATHS = "$(inherited) @executable_path/Frameworks";
				PRODUCT_NAME = "$(TARGET_NAME)";
			};
			name = Release;
		};
		6E0910071B86A37B00260BDC /* Debug */ = {
			isa = XCBuildConfiguration;
			buildSettings = {
				BUNDLE_LOADER = "$(TEST_HOST)";
				FRAMEWORK_SEARCH_PATHS = (
					"$(SDKROOT)/Developer/Library/Frameworks",
					"$(inherited)",
				);
				GCC_PREPROCESSOR_DEFINITIONS = (
					"DEBUG=1",
					"$(inherited)",
				);
				INFOPLIST_FILE = kuaibovTests/Info.plist;
				LD_RUNPATH_SEARCH_PATHS = "$(inherited) @executable_path/Frameworks @loader_path/Frameworks";
				PRODUCT_NAME = "$(TARGET_NAME)";
				TEST_HOST = "$(BUILT_PRODUCTS_DIR)/kuaibov.app/kuaibov";
			};
			name = Debug;
		};
		6E0910081B86A37B00260BDC /* Release */ = {
			isa = XCBuildConfiguration;
			buildSettings = {
				BUNDLE_LOADER = "$(TEST_HOST)";
				FRAMEWORK_SEARCH_PATHS = (
					"$(SDKROOT)/Developer/Library/Frameworks",
					"$(inherited)",
				);
				INFOPLIST_FILE = kuaibovTests/Info.plist;
				LD_RUNPATH_SEARCH_PATHS = "$(inherited) @executable_path/Frameworks @loader_path/Frameworks";
				PRODUCT_NAME = "$(TARGET_NAME)";
				TEST_HOST = "$(BUILT_PRODUCTS_DIR)/kuaibov.app/kuaibov";
			};
			name = Release;
		};
/* End XCBuildConfiguration section */

/* Begin XCConfigurationList section */
		6E090FDB1B86A37B00260BDC /* Build configuration list for PBXProject "kuaibov" */ = {
			isa = XCConfigurationList;
			buildConfigurations = (
				6E0910011B86A37B00260BDC /* Debug */,
				6E0910021B86A37B00260BDC /* Release */,
			);
			defaultConfigurationIsVisible = 0;
			defaultConfigurationName = Release;
		};
		6E0910031B86A37B00260BDC /* Build configuration list for PBXNativeTarget "kuaibov" */ = {
			isa = XCConfigurationList;
			buildConfigurations = (
				6E0910041B86A37B00260BDC /* Debug */,
				6E0910051B86A37B00260BDC /* Release */,
			);
			defaultConfigurationIsVisible = 0;
			defaultConfigurationName = Release;
		};
		6E0910061B86A37B00260BDC /* Build configuration list for PBXNativeTarget "kuaibovTests" */ = {
			isa = XCConfigurationList;
			buildConfigurations = (
				6E0910071B86A37B00260BDC /* Debug */,
				6E0910081B86A37B00260BDC /* Release */,
			);
			defaultConfigurationIsVisible = 0;
			defaultConfigurationName = Release;
		};
/* End XCConfigurationList section */
	};
	rootObject = 6E090FD81B86A37B00260BDC /* Project object */;
}
